
Microsoft Visual Studio Solution File, Format Version 12.00
# Visual Studio Version 17
VisualStudioVersion = 17.9.34310.174
MinimumVisualStudioVersion = 10.0.40219.1
Project("{9A19103F-16F7-4668-BE54-9A1E7A4F7556}") = "CodeFactory.PCA.Blazor", "..\..\Lib\CodeFactory.PCA.Blazor\CodeFactory.PCA.Blazor\CodeFactory.PCA.Blazor.csproj", "{BE2F62EB-EFBF-4FD0-B652-34EA245C4A6F}"
EndProject
Project("{9A19103F-16F7-4668-BE54-9A1E7A4F7556}") = "CodeFactory.PCA.Models", "..\..\Lib\CodeFactory.PCA.Blazor\CodeFactory.PCA.Models\CodeFactory.PCA.Models.csproj", "{E58F3F5E-0F65-419A-A54B-DE50287C15A6}"
EndProject
Project("{9A19103F-16F7-4668-BE54-9A1E7A4F7556}") = "BlazorValidation", "..\..\Lib\BlazorValidation\BlazorValidation.csproj", "{433DB029-F480-47AE-B012-23A271C9605C}"
EndProject
Project("{9A19103F-16F7-4668-BE54-9A1E7A4F7556}") = "CodeFactory.PCA.Blazor.Tel", "..\..\Lib\CodeFactory.PCA.Blazor.Tel\CodeFactory.PCA.Blazor.Tel.csproj", "{FBC00661-9F33-4EFA-83DC-443DAF1F8199}"
EndProject
Project("{FAE04EC0-301F-11D3-BF4B-00C04F79EFBC}") = "CodeFactory.PCA.Blazor.ItemTemplates", "..\..\Templates\CodeFactory.PCA.Blazor.ItemTemplates\CodeFactory.PCA.Blazor.ItemTemplates.csproj", "{375CF345-1A88-488E-9A5F-3F19582BB7C2}"
EndProject
Global
	GlobalSection(SolutionConfigurationPlatforms) = preSolution
		Debug|Any CPU = Debug|Any CPU
		Debug|arm64 = Debug|arm64
		Debug|x86 = Debug|x86
		Release|Any CPU = Release|Any CPU
		Release|arm64 = Release|arm64
		Release|x86 = Release|x86
	EndGlobalSection
	GlobalSection(ProjectConfigurationPlatforms) = postSolution
		{BE2F62EB-EFBF-4FD0-B652-34EA245C4A6F}.Debug|Any CPU.ActiveCfg = Debug|Any CPU
		{BE2F62EB-EFBF-4FD0-B652-34EA245C4A6F}.Debug|Any CPU.Build.0 = Debug|Any CPU
		{BE2F62EB-EFBF-4FD0-B652-34EA245C4A6F}.Debug|arm64.ActiveCfg = Debug|Any CPU
		{BE2F62EB-EFBF-4FD0-B652-34EA245C4A6F}.Debug|arm64.Build.0 = Debug|Any CPU
		{BE2F62EB-EFBF-4FD0-B652-34EA245C4A6F}.Debug|x86.ActiveCfg = Debug|Any CPU
		{BE2F62EB-EFBF-4FD0-B652-34EA245C4A6F}.Debug|x86.Build.0 = Debug|Any CPU
		{BE2F62EB-EFBF-4FD0-B652-34EA245C4A6F}.Release|Any CPU.ActiveCfg = Release|Any CPU
		{BE2F62EB-EFBF-4FD0-B652-34EA245C4A6F}.Release|Any CPU.Build.0 = Release|Any CPU
		{BE2F62EB-EFBF-4FD0-B652-34EA245C4A6F}.Release|arm64.ActiveCfg = Release|Any CPU
		{BE2F62EB-EFBF-4FD0-B652-34EA245C4A6F}.Release|arm64.Build.0 = Release|Any CPU
		{BE2F62EB-EFBF-4FD0-B652-34EA245C4A6F}.Release|x86.ActiveCfg = Release|Any CPU
		{BE2F62EB-EFBF-4FD0-B652-34EA245C4A6F}.Release|x86.Build.0 = Release|Any CPU
		{E58F3F5E-0F65-419A-A54B-DE50287C15A6}.Debug|Any CPU.ActiveCfg = Debug|Any CPU
		{E58F3F5E-0F65-419A-A54B-DE50287C15A6}.Debug|Any CPU.Build.0 = Debug|Any CPU
		{E58F3F5E-0F65-419A-A54B-DE50287C15A6}.Debug|arm64.ActiveCfg = Debug|Any CPU
		{E58F3F5E-0F65-419A-A54B-DE50287C15A6}.Debug|arm64.Build.0 = Debug|Any CPU
		{E58F3F5E-0F65-419A-A54B-DE50287C15A6}.Debug|x86.ActiveCfg = Debug|Any CPU
		{E58F3F5E-0F65-419A-A54B-DE50287C15A6}.Debug|x86.Build.0 = Debug|Any CPU
		{E58F3F5E-0F65-419A-A54B-DE50287C15A6}.Release|Any CPU.ActiveCfg = Release|Any CPU
		{E58F3F5E-0F65-419A-A54B-DE50287C15A6}.Release|Any CPU.Build.0 = Release|Any CPU
		{E58F3F5E-0F65-419A-A54B-DE50287C15A6}.Release|arm64.ActiveCfg = Release|Any CPU
		{E58F3F5E-0F65-419A-A54B-DE50287C15A6}.Release|arm64.Build.0 = Release|Any CPU
		{E58F3F5E-0F65-419A-A54B-DE50287C15A6}.Release|x86.ActiveCfg = Release|Any CPU
		{E58F3F5E-0F65-419A-A54B-DE50287C15A6}.Release|x86.Build.0 = Release|Any CPU
		{433DB029-F480-47AE-B012-23A271C9605C}.Debug|Any CPU.ActiveCfg = Debug|Any CPU
		{433DB029-F480-47AE-B012-23A271C9605C}.Debug|Any CPU.Build.0 = Debug|Any CPU
		{433DB029-F480-47AE-B012-23A271C9605C}.Debug|arm64.ActiveCfg = Debug|Any CPU
		{433DB029-F480-47AE-B012-23A271C9605C}.Debug|arm64.Build.0 = Debug|Any CPU
		{433DB029-F480-47AE-B012-23A271C9605C}.Debug|x86.ActiveCfg = Debug|Any CPU
		{433DB029-F480-47AE-B012-23A271C9605C}.Debug|x86.Build.0 = Debug|Any CPU
		{433DB029-F480-47AE-B012-23A271C9605C}.Release|Any CPU.ActiveCfg = Release|Any CPU
		{433DB029-F480-47AE-B012-23A271C9605C}.Release|Any CPU.Build.0 = Release|Any CPU
		{433DB029-F480-47AE-B012-23A271C9605C}.Release|arm64.ActiveCfg = Release|Any CPU
		{433DB029-F480-47AE-B012-23A271C9605C}.Release|arm64.Build.0 = Release|Any CPU
		{433DB029-F480-47AE-B012-23A271C9605C}.Release|x86.ActiveCfg = Release|Any CPU
		{433DB029-F480-47AE-B012-23A271C9605C}.Release|x86.Build.0 = Release|Any CPU
		{FBC00661-9F33-4EFA-83DC-443DAF1F8199}.Debug|Any CPU.ActiveCfg = Debug|Any CPU
		{FBC00661-9F33-4EFA-83DC-443DAF1F8199}.Debug|Any CPU.Build.0 = Debug|Any CPU
		{FBC00661-9F33-4EFA-83DC-443DAF1F8199}.Debug|arm64.ActiveCfg = Debug|Any CPU
		{FBC00661-9F33-4EFA-83DC-443DAF1F8199}.Debug|arm64.Build.0 = Debug|Any CPU
		{FBC00661-9F33-4EFA-83DC-443DAF1F8199}.Debug|x86.ActiveCfg = Debug|Any CPU
		{FBC00661-9F33-4EFA-83DC-443DAF1F8199}.Debug|x86.Build.0 = Debug|Any CPU
		{FBC00661-9F33-4EFA-83DC-443DAF1F8199}.Release|Any CPU.ActiveCfg = Release|Any CPU
		{FBC00661-9F33-4EFA-83DC-443DAF1F8199}.Release|Any CPU.Build.0 = Release|Any CPU
		{FBC00661-9F33-4EFA-83DC-443DAF1F8199}.Release|arm64.ActiveCfg = Release|Any CPU
		{FBC00661-9F33-4EFA-83DC-443DAF1F8199}.Release|arm64.Build.0 = Release|Any CPU
		{FBC00661-9F33-4EFA-83DC-443DAF1F8199}.Release|x86.ActiveCfg = Release|Any CPU
		{FBC00661-9F33-4EFA-83DC-443DAF1F8199}.Release|x86.Build.0 = Release|Any CPU
		{375CF345-1A88-488E-9A5F-3F19582BB7C2}.Debug|Any CPU.ActiveCfg = Debug|Any CPU
		{375CF345-1A88-488E-9A5F-3F19582BB7C2}.Debug|Any CPU.Build.0 = Debug|Any CPU
		{375CF345-1A88-488E-9A5F-3F19582BB7C2}.Debug|arm64.ActiveCfg = Debug|arm64
		{375CF345-1A88-488E-9A5F-3F19582BB7C2}.Debug|arm64.Build.0 = Debug|arm64
		{375CF345-1A88-488E-9A5F-3F19582BB7C2}.Debug|x86.ActiveCfg = Debug|x86
		{375CF345-1A88-488E-9A5F-3F19582BB7C2}.Debug|x86.Build.0 = Debug|x86
		{375CF345-1A88-488E-9A5F-3F19582BB7C2}.Release|Any CPU.ActiveCfg = Release|Any CPU
		{375CF345-1A88-488E-9A5F-3F19582BB7C2}.Release|Any CPU.Build.0 = Release|Any CPU
		{375CF345-1A88-488E-9A5F-3F19582BB7C2}.Release|arm64.ActiveCfg = Release|arm64
		{375CF345-1A88-488E-9A5F-3F19582BB7C2}.Release|arm64.Build.0 = Release|arm64
		{375CF345-1A88-488E-9A5F-3F19582BB7C2}.Release|x86.ActiveCfg = Release|x86
		{375CF345-1A88-488E-9A5F-3F19582BB7C2}.Release|x86.Build.0 = Release|x86
	EndGlobalSection
	GlobalSection(SolutionProperties) = preSolution
		HideSolutionNode = FALSE
	EndGlobalSection
	GlobalSection(ExtensibilityGlobals) = postSolution
		SolutionGuid = {EAB10AA3-C0E9-4A6B-9A1D-1186D52993E0}
	EndGlobalSection
EndGlobal
